
Microsoft Visual Studio Solution File, Format Version 12.00
# Visual Studio Version 17
VisualStudioVersion = 17.12.35527.113
MinimumVisualStudioVersion = 10.0.40219.1
Project("{FAE04EC0-301F-11D3-BF4B-00C04F79EFBC}") = "JdGarageApi", "JdGarageApi\JdGarageApi.csproj", "{A993EB26-67A2-437A-8DEF-8D7AB2B03768}"
EndProject
Global
	GlobalSection(SolutionConfigurationPlatforms) = preSolution
		Debug|Any CPU = Debug|Any CPU
		Release|Any CPU = Release|Any CPU
	EndGlobalSection
	GlobalSection(ProjectConfigurationPlatforms) = postSolution
		{A993EB26-67A2-437A-8DEF-8D7AB2B03768}.Debug|Any CPU.ActiveCfg = Debug|Any CPU
		{A993EB26-67A2-437A-8DEF-8D7AB2B03768}.Debug|Any CPU.Build.0 = Debug|Any CPU
		{A993EB26-67A2-437A-8DEF-8D7AB2B03768}.Release|Any CPU.ActiveCfg = Release|Any CPU
		{A993EB26-67A2-437A-8DEF-8D7AB2B03768}.Release|Any CPU.Build.0 = Release|Any CPU
	EndGlobalSection
	GlobalSection(SolutionProperties) = preSolution
		HideSolutionNode = FALSE
	EndGlobalSection
EndGlobal
